// !$*UTF8*$!
{
	archiveVersion = 1;
	classes = {
	};
	objectVersion = 55;
	objects = {

/* Begin PBXBuildFile section */
		D92741BC2ADC012C000173BD /* Watch_out WatchKit App.app in Embed Watch Content */ = {isa = PBXBuildFile; fileRef = D92741BB2ADC012C000173BD /* Watch_out WatchKit App.app */; settings = {ATTRIBUTES = (RemoveHeadersOnCopy, ); }; };
		D92741C12ADC0132000173BD /* Assets.xcassets in Resources */ = {isa = PBXBuildFile; fileRef = D92741C02ADC0132000173BD /* Assets.xcassets */; };
		D92741C72ADC0132000173BD /* Watch_out WatchKit Extension.appex in Embed App Extensions */ = {isa = PBXBuildFile; fileRef = D92741C62ADC0132000173BD /* Watch_out WatchKit Extension.appex */; settings = {ATTRIBUTES = (RemoveHeadersOnCopy, ); }; };
		D92741CC2ADC0132000173BD /* Watch_outApp.swift in Sources */ = {isa = PBXBuildFile; fileRef = D92741CB2ADC0132000173BD /* Watch_outApp.swift */; };
		D92741CE2ADC0132000173BD /* ContentView.swift in Sources */ = {isa = PBXBuildFile; fileRef = D92741CD2ADC0132000173BD /* ContentView.swift */; };
		D92741D02ADC0132000173BD /* NotificationController.swift in Sources */ = {isa = PBXBuildFile; fileRef = D92741CF2ADC0132000173BD /* NotificationController.swift */; };
		D92741D22ADC0132000173BD /* NotificationView.swift in Sources */ = {isa = PBXBuildFile; fileRef = D92741D12ADC0132000173BD /* NotificationView.swift */; };
		D92741D42ADC0132000173BD /* ComplicationController.swift in Sources */ = {isa = PBXBuildFile; fileRef = D92741D32ADC0132000173BD /* ComplicationController.swift */; };
		D92741D62ADC0133000173BD /* Assets.xcassets in Resources */ = {isa = PBXBuildFile; fileRef = D92741D52ADC0133000173BD /* Assets.xcassets */; };
		D92741D92ADC0133000173BD /* Preview Assets.xcassets in Resources */ = {isa = PBXBuildFile; fileRef = D92741D82ADC0133000173BD /* Preview Assets.xcassets */; };
/* End PBXBuildFile section */

/* Begin PBXContainerItemProxy section */
		D92741BD2ADC012C000173BD /* PBXContainerItemProxy */ = {
			isa = PBXContainerItemProxy;
			containerPortal = D92741B12ADC012B000173BD /* Project object */;
			proxyType = 1;
			remoteGlobalIDString = D92741BA2ADC012C000173BD;
			remoteInfo = "Watch_out WatchKit App";
		};
		D92741C82ADC0132000173BD /* PBXContainerItemProxy */ = {
			isa = PBXContainerItemProxy;
			containerPortal = D92741B12ADC012B000173BD /* Project object */;
			proxyType = 1;
			remoteGlobalIDString = D92741C52ADC0132000173BD;
			remoteInfo = "Watch_out WatchKit Extension";
		};
/* End PBXContainerItemProxy section */

/* Begin PBXCopyFilesBuildPhase section */
		D92741E12ADC0134000173BD /* Embed App Extensions */ = {
			isa = PBXCopyFilesBuildPhase;
			buildActionMask = 2147483647;
			dstPath = "";
			dstSubfolderSpec = 13;
			files = (
				D92741C72ADC0132000173BD /* Watch_out WatchKit Extension.appex in Embed App Extensions */,
			);
			name = "Embed App Extensions";
			runOnlyForDeploymentPostprocessing = 0;
		};
		D92741E52ADC0134000173BD /* Embed Watch Content */ = {
			isa = PBXCopyFilesBuildPhase;
			buildActionMask = 2147483647;
			dstPath = "$(CONTENTS_FOLDER_PATH)/Watch";
			dstSubfolderSpec = 16;
			files = (
				D92741BC2ADC012C000173BD /* Watch_out WatchKit App.app in Embed Watch Content */,
			);
			name = "Embed Watch Content";
			runOnlyForDeploymentPostprocessing = 0;
		};
/* End PBXCopyFilesBuildPhase section */

/* Begin PBXFileReference section */
		D92741B72ADC012B000173BD /* Watch_out.app */ = {isa = PBXFileReference; explicitFileType = wrapper.application; includeInIndex = 0; path = Watch_out.app; sourceTree = BUILT_PRODUCTS_DIR; };
		D92741BB2ADC012C000173BD /* Watch_out WatchKit App.app */ = {isa = PBXFileReference; explicitFileType = wrapper.application; includeInIndex = 0; path = "Watch_out WatchKit App.app"; sourceTree = BUILT_PRODUCTS_DIR; };
		D92741C02ADC0132000173BD /* Assets.xcassets */ = {isa = PBXFileReference; lastKnownFileType = folder.assetcatalog; path = Assets.xcassets; sourceTree = "<group>"; };
		D92741C62ADC0132000173BD /* Watch_out WatchKit Extension.appex */ = {isa = PBXFileReference; explicitFileType = "wrapper.app-extension"; includeInIndex = 0; path = "Watch_out WatchKit Extension.appex"; sourceTree = BUILT_PRODUCTS_DIR; };
		D92741CB2ADC0132000173BD /* Watch_outApp.swift */ = {isa = PBXFileReference; lastKnownFileType = sourcecode.swift; path = Watch_outApp.swift; sourceTree = "<group>"; };
		D92741CD2ADC0132000173BD /* ContentView.swift */ = {isa = PBXFileReference; lastKnownFileType = sourcecode.swift; path = ContentView.swift; sourceTree = "<group>"; };
		D92741CF2ADC0132000173BD /* NotificationController.swift */ = {isa = PBXFileReference; lastKnownFileType = sourcecode.swift; path = NotificationController.swift; sourceTree = "<group>"; };
		D92741D12ADC0132000173BD /* NotificationView.swift */ = {isa = PBXFileReference; lastKnownFileType = sourcecode.swift; path = NotificationView.swift; sourceTree = "<group>"; };
		D92741D32ADC0132000173BD /* ComplicationController.swift */ = {isa = PBXFileReference; lastKnownFileType = sourcecode.swift; path = ComplicationController.swift; sourceTree = "<group>"; };
		D92741D52ADC0133000173BD /* Assets.xcassets */ = {isa = PBXFileReference; lastKnownFileType = folder.assetcatalog; path = Assets.xcassets; sourceTree = "<group>"; };
		D92741D82ADC0133000173BD /* Preview Assets.xcassets */ = {isa = PBXFileReference; lastKnownFileType = folder.assetcatalog; path = "Preview Assets.xcassets"; sourceTree = "<group>"; };
		D92741DA2ADC0133000173BD /* Info.plist */ = {isa = PBXFileReference; lastKnownFileType = text.plist.xml; path = Info.plist; sourceTree = "<group>"; };
		D92741DB2ADC0134000173BD /* PushNotificationPayload.apns */ = {isa = PBXFileReference; lastKnownFileType = text; path = PushNotificationPayload.apns; sourceTree = "<group>"; };
/* End PBXFileReference section */

/* Begin PBXFrameworksBuildPhase section */
		D92741C32ADC0132000173BD /* Frameworks */ = {
			isa = PBXFrameworksBuildPhase;
			buildActionMask = 2147483647;
			files = (
			);
			runOnlyForDeploymentPostprocessing = 0;
		};
/* End PBXFrameworksBuildPhase section */

/* Begin PBXGroup section */
		D92741B02ADC012B000173BD = {
			isa = PBXGroup;
			children = (
				D92741BF2ADC012C000173BD /* Watch_out WatchKit App */,
				D92741CA2ADC0132000173BD /* Watch_out WatchKit Extension */,
				D92741B82ADC012B000173BD /* Products */,
			);
			sourceTree = "<group>";
		};
		D92741B82ADC012B000173BD /* Products */ = {
			isa = PBXGroup;
			children = (
				D92741B72ADC012B000173BD /* Watch_out.app */,
				D92741BB2ADC012C000173BD /* Watch_out WatchKit App.app */,
				D92741C62ADC0132000173BD /* Watch_out WatchKit Extension.appex */,
			);
			name = Products;
			sourceTree = "<group>";
		};
		D92741BF2ADC012C000173BD /* Watch_out WatchKit App */ = {
			isa = PBXGroup;
			children = (
				D92741C02ADC0132000173BD /* Assets.xcassets */,
			);
			path = "Watch_out WatchKit App";
			sourceTree = "<group>";
		};
		D92741CA2ADC0132000173BD /* Watch_out WatchKit Extension */ = {
			isa = PBXGroup;
			children = (
				D92741CB2ADC0132000173BD /* Watch_outApp.swift */,
				D92741CD2ADC0132000173BD /* ContentView.swift */,
				D92741CF2ADC0132000173BD /* NotificationController.swift */,
				D92741D12ADC0132000173BD /* NotificationView.swift */,
				D92741D32ADC0132000173BD /* ComplicationController.swift */,
				D92741D52ADC0133000173BD /* Assets.xcassets */,
				D92741DA2ADC0133000173BD /* Info.plist */,
				D92741DB2ADC0134000173BD /* PushNotificationPayload.apns */,
				D92741D72ADC0133000173BD /* Preview Content */,
			);
			path = "Watch_out WatchKit Extension";
			sourceTree = "<group>";
		};
		D92741D72ADC0133000173BD /* Preview Content */ = {
			isa = PBXGroup;
			children = (
				D92741D82ADC0133000173BD /* Preview Assets.xcassets */,
			);
			path = "Preview Content";
			sourceTree = "<group>";
		};
/* End PBXGroup section */

/* Begin PBXNativeTarget section */
		D92741B62ADC012B000173BD /* Watch_out */ = {
			isa = PBXNativeTarget;
			buildConfigurationList = D92741E62ADC0134000173BD /* Build configuration list for PBXNativeTarget "Watch_out" */;
			buildPhases = (
				D92741B52ADC012B000173BD /* Resources */,
				D92741E52ADC0134000173BD /* Embed Watch Content */,
			);
			buildRules = (
			);
			dependencies = (
				D92741BE2ADC012C000173BD /* PBXTargetDependency */,
			);
			name = Watch_out;
			productName = Watch_out;
			productReference = D92741B72ADC012B000173BD /* Watch_out.app */;
			productType = "com.apple.product-type.application.watchapp2-container";
		};
		D92741BA2ADC012C000173BD /* Watch_out WatchKit App */ = {
			isa = PBXNativeTarget;
			buildConfigurationList = D92741E22ADC0134000173BD /* Build configuration list for PBXNativeTarget "Watch_out WatchKit App" */;
			buildPhases = (
				D92741B92ADC012C000173BD /* Resources */,
				D92741E12ADC0134000173BD /* Embed App Extensions */,
			);
			buildRules = (
			);
			dependencies = (
				D92741C92ADC0132000173BD /* PBXTargetDependency */,
			);
			name = "Watch_out WatchKit App";
			productName = "Watch_out WatchKit App";
			productReference = D92741BB2ADC012C000173BD /* Watch_out WatchKit App.app */;
			productType = "com.apple.product-type.application.watchapp2";
		};
		D92741C52ADC0132000173BD /* Watch_out WatchKit Extension */ = {
			isa = PBXNativeTarget;
			buildConfigurationList = D92741DE2ADC0134000173BD /* Build configuration list for PBXNativeTarget "Watch_out WatchKit Extension" */;
			buildPhases = (
				D92741C22ADC0132000173BD /* Sources */,
				D92741C32ADC0132000173BD /* Frameworks */,
				D92741C42ADC0132000173BD /* Resources */,
			);
			buildRules = (
			);
			dependencies = (
			);
			name = "Watch_out WatchKit Extension";
			productName = "Watch_out WatchKit Extension";
			productReference = D92741C62ADC0132000173BD /* Watch_out WatchKit Extension.appex */;
			productType = "com.apple.product-type.watchkit2-extension";
		};
/* End PBXNativeTarget section */

/* Begin PBXProject section */
		D92741B12ADC012B000173BD /* Project object */ = {
			isa = PBXProject;
			attributes = {
				BuildIndependentTargetsInParallel = 1;
				LastSwiftUpdateCheck = 1330;
				LastUpgradeCheck = 1330;
				TargetAttributes = {
					D92741B62ADC012B000173BD = {
						CreatedOnToolsVersion = 13.3.1;
					};
					D92741BA2ADC012C000173BD = {
						CreatedOnToolsVersion = 13.3.1;
					};
					D92741C52ADC0132000173BD = {
						CreatedOnToolsVersion = 13.3.1;
					};
				};
			};
			buildConfigurationList = D92741B42ADC012B000173BD /* Build configuration list for PBXProject "Watch_out" */;
			compatibilityVersion = "Xcode 13.0";
			developmentRegion = en;
			hasScannedForEncodings = 0;
			knownRegions = (
				en,
				Base,
			);
			mainGroup = D92741B02ADC012B000173BD;
			productRefGroup = D92741B82ADC012B000173BD /* Products */;
			projectDirPath = "";
			projectRoot = "";
			targets = (
				D92741B62ADC012B000173BD /* Watch_out */,
				D92741BA2ADC012C000173BD /* Watch_out WatchKit App */,
				D92741C52ADC0132000173BD /* Watch_out WatchKit Extension */,
			);
		};
/* End PBXProject section */

/* Begin PBXResourcesBuildPhase section */
		D92741B52ADC012B000173BD /* Resources */ = {
			isa = PBXResourcesBuildPhase;
			buildActionMask = 2147483647;
			files = (
			);
			runOnlyForDeploymentPostprocessing = 0;
		};
		D92741B92ADC012C000173BD /* Resources */ = {
			isa = PBXResourcesBuildPhase;
			buildActionMask = 2147483647;
			files = (
				D92741C12ADC0132000173BD /* Assets.xcassets in Resources */,
			);
			runOnlyForDeploymentPostprocessing = 0;
		};
		D92741C42ADC0132000173BD /* Resources */ = {
			isa = PBXResourcesBuildPhase;
			buildActionMask = 2147483647;
			files = (
				D92741D92ADC0133000173BD /* Preview Assets.xcassets in Resources */,
				D92741D62ADC0133000173BD /* Assets.xcassets in Resources */,
			);
			runOnlyForDeploymentPostprocessing = 0;
		};
/* End PBXResourcesBuildPhase section */

/* Begin PBXSourcesBuildPhase section */
		D92741C22ADC0132000173BD /* Sources */ = {
			isa = PBXSourcesBuildPhase;
			buildActionMask = 2147483647;
			files = (
				D92741D02ADC0132000173BD /* NotificationController.swift in Sources */,
				D92741CE2ADC0132000173BD /* ContentView.swift in Sources */,
				D92741D42ADC0132000173BD /* ComplicationController.swift in Sources */,
				D92741CC2ADC0132000173BD /* Watch_outApp.swift in Sources */,
				D92741D22ADC0132000173BD /* NotificationView.swift in Sources */,
			);
			runOnlyForDeploymentPostprocessing = 0;
		};
/* End PBXSourcesBuildPhase section */

/* Begin PBXTargetDependency section */
		D92741BE2ADC012C000173BD /* PBXTargetDependency */ = {
			isa = PBXTargetDependency;
			target = D92741BA2ADC012C000173BD /* Watch_out WatchKit App */;
			targetProxy = D92741BD2ADC012C000173BD /* PBXContainerItemProxy */;
		};
		D92741C92ADC0132000173BD /* PBXTargetDependency */ = {
			isa = PBXTargetDependency;
			target = D92741C52ADC0132000173BD /* Watch_out WatchKit Extension */;
			targetProxy = D92741C82ADC0132000173BD /* PBXContainerItemProxy */;
		};
/* End PBXTargetDependency section */

/* Begin XCBuildConfiguration section */
		D92741DC2ADC0134000173BD /* Debug */ = {
			isa = XCBuildConfiguration;
			buildSettings = {
				ALWAYS_SEARCH_USER_PATHS = NO;
				CLANG_ANALYZER_NONNULL = YES;
				CLANG_ANALYZER_NUMBER_OBJECT_CONVERSION = YES_AGGRESSIVE;
				CLANG_CXX_LANGUAGE_STANDARD = "gnu++17";
				CLANG_ENABLE_MODULES = YES;
				CLANG_ENABLE_OBJC_ARC = YES;
				CLANG_ENABLE_OBJC_WEAK = YES;
				CLANG_WARN_BLOCK_CAPTURE_AUTORELEASING = YES;
				CLANG_WARN_BOOL_CONVERSION = YES;
				CLANG_WARN_COMMA = YES;
				CLANG_WARN_CONSTANT_CONVERSION = YES;
				CLANG_WARN_DEPRECATED_OBJC_IMPLEMENTATIONS = YES;
				CLANG_WARN_DIRECT_OBJC_ISA_USAGE = YES_ERROR;
				CLANG_WARN_DOCUMENTATION_COMMENTS = YES;
				CLANG_WARN_EMPTY_BODY = YES;
				CLANG_WARN_ENUM_CONVERSION = YES;
				CLANG_WARN_INFINITE_RECURSION = YES;
				CLANG_WARN_INT_CONVERSION = YES;
				CLANG_WARN_NON_LITERAL_NULL_CONVERSION = YES;
				CLANG_WARN_OBJC_IMPLICIT_RETAIN_SELF = YES;
				CLANG_WARN_OBJC_LITERAL_CONVERSION = YES;
				CLANG_WARN_OBJC_ROOT_CLASS = YES_ERROR;
				CLANG_WARN_QUOTED_INCLUDE_IN_FRAMEWORK_HEADER = YES;
				CLANG_WARN_RANGE_LOOP_ANALYSIS = YES;
				CLANG_WARN_STRICT_PROTOTYPES = YES;
				CLANG_WARN_SUSPICIOUS_MOVE = YES;
				CLANG_WARN_UNGUARDED_AVAILABILITY = YES_AGGRESSIVE;
				CLANG_WARN_UNREACHABLE_CODE = YES;
				CLANG_WARN__DUPLICATE_METHOD_MATCH = YES;
				COPY_PHASE_STRIP = NO;
				DEBUG_INFORMATION_FORMAT = dwarf;
				ENABLE_STRICT_OBJC_MSGSEND = YES;
				ENABLE_TESTABILITY = YES;
				GCC_C_LANGUAGE_STANDARD = gnu11;
				GCC_DYNAMIC_NO_PIC = NO;
				GCC_NO_COMMON_BLOCKS = YES;
				GCC_OPTIMIZATION_LEVEL = 0;
				GCC_PREPROCESSOR_DEFINITIONS = (
					"DEBUG=1",
					"$(inherited)",
				);
				GCC_WARN_64_TO_32_BIT_CONVERSION = YES;
				GCC_WARN_ABOUT_RETURN_TYPE = YES_ERROR;
				GCC_WARN_UNDECLARED_SELECTOR = YES;
				GCC_WARN_UNINITIALIZED_AUTOS = YES_AGGRESSIVE;
				GCC_WARN_UNUSED_FUNCTION = YES;
				GCC_WARN_UNUSED_VARIABLE = YES;
				MTL_ENABLE_DEBUG_INFO = INCLUDE_SOURCE;
				MTL_FAST_MATH = YES;
				ONLY_ACTIVE_ARCH = YES;
				SDKROOT = iphoneos;
				SWIFT_ACTIVE_COMPILATION_CONDITIONS = DEBUG;
				SWIFT_OPTIMIZATION_LEVEL = "-Onone";
			};
			name = Debug;
		};
		D92741DD2ADC0134000173BD /* Release */ = {
			isa = XCBuildConfiguration;
			buildSettings = {
				ALWAYS_SEARCH_USER_PATHS = NO;
				CLANG_ANALYZER_NONNULL = YES;
				CLANG_ANALYZER_NUMBER_OBJECT_CONVERSION = YES_AGGRESSIVE;
				CLANG_CXX_LANGUAGE_STANDARD = "gnu++17";
				CLANG_ENABLE_MODULES = YES;
				CLANG_ENABLE_OBJC_ARC = YES;
				CLANG_ENABLE_OBJC_WEAK = YES;
				CLANG_WARN_BLOCK_CAPTURE_AUTORELEASING = YES;
				CLANG_WARN_BOOL_CONVERSION = YES;
				CLANG_WARN_COMMA = YES;
				CLANG_WARN_CONSTANT_CONVERSION = YES;
				CLANG_WARN_DEPRECATED_OBJC_IMPLEMENTATIONS = YES;
				CLANG_WARN_DIRECT_OBJC_ISA_USAGE = YES_ERROR;
				CLANG_WARN_DOCUMENTATION_COMMENTS = YES;
				CLANG_WARN_EMPTY_BODY = YES;
				CLANG_WARN_ENUM_CONVERSION = YES;
				CLANG_WARN_INFINITE_RECURSION = YES;
				CLANG_WARN_INT_CONVERSION = YES;
				CLANG_WARN_NON_LITERAL_NULL_CONVERSION = YES;
				CLANG_WARN_OBJC_IMPLICIT_RETAIN_SELF = YES;
				CLANG_WARN_OBJC_LITERAL_CONVERSION = YES;
				CLANG_WARN_OBJC_ROOT_CLASS = YES_ERROR;
				CLANG_WARN_QUOTED_INCLUDE_IN_FRAMEWORK_HEADER = YES;
				CLANG_WARN_RANGE_LOOP_ANALYSIS = YES;
				CLANG_WARN_STRICT_PROTOTYPES = YES;
				CLANG_WARN_SUSPICIOUS_MOVE = YES;
				CLANG_WARN_UNGUARDED_AVAILABILITY = YES_AGGRESSIVE;
				CLANG_WARN_UNREACHABLE_CODE = YES;
				CLANG_WARN__DUPLICATE_METHOD_MATCH = YES;
				COPY_PHASE_STRIP = NO;
				DEBUG_INFORMATION_FORMAT = "dwarf-with-dsym";
				ENABLE_NS_ASSERTIONS = NO;
				ENABLE_STRICT_OBJC_MSGSEND = YES;
				GCC_C_LANGUAGE_STANDARD = gnu11;
				GCC_NO_COMMON_BLOCKS = YES;
				GCC_WARN_64_TO_32_BIT_CONVERSION = YES;
				GCC_WARN_ABOUT_RETURN_TYPE = YES_ERROR;
				GCC_WARN_UNDECLARED_SELECTOR = YES;
				GCC_WARN_UNINITIALIZED_AUTOS = YES_AGGRESSIVE;
				GCC_WARN_UNUSED_FUNCTION = YES;
				GCC_WARN_UNUSED_VARIABLE = YES;
				MTL_ENABLE_DEBUG_INFO = NO;
				MTL_FAST_MATH = YES;
				SDKROOT = iphoneos;
				SWIFT_COMPILATION_MODE = wholemodule;
				SWIFT_OPTIMIZATION_LEVEL = "-O";
				VALIDATE_PRODUCT = YES;
			};
			name = Release;
		};
		D92741DF2ADC0134000173BD /* Debug */ = {
			isa = XCBuildConfiguration;
			buildSettings = {
				ASSETCATALOG_COMPILER_COMPLICATION_NAME = Complication;
				CODE_SIGN_STYLE = Automatic;
				CURRENT_PROJECT_VERSION = 1;
				DEVELOPMENT_ASSET_PATHS = "\"Watch_out WatchKit Extension/Preview Content\"";
				DEVELOPMENT_TEAM = 4PN88S2B7V;
				ENABLE_PREVIEWS = YES;
				GENERATE_INFOPLIST_FILE = YES;
				INFOPLIST_FILE = "Watch_out WatchKit Extension/Info.plist";
				INFOPLIST_KEY_CFBundleDisplayName = "Watch_out WatchKit Extension";
				INFOPLIST_KEY_CLKComplicationPrincipalClass = "$(PRODUCT_MODULE_NAME).ComplicationController";
				INFOPLIST_KEY_NSHumanReadableCopyright = "";
				INFOPLIST_KEY_WKWatchOnly = YES;
				LD_RUNPATH_SEARCH_PATHS = (
					"$(inherited)",
					"@executable_path/Frameworks",
					"@executable_path/../../Frameworks",
				);
				MARKETING_VERSION = 1.0;
				PRODUCT_BUNDLE_IDENTIFIER = "com.example.spal.Watch-out.watchkitapp.watchkitextension";
				PRODUCT_NAME = "${TARGET_NAME}";
				SDKROOT = watchos;
				SKIP_INSTALL = YES;
				SWIFT_EMIT_LOC_STRINGS = YES;
				SWIFT_VERSION = 5.0;
				TARGETED_DEVICE_FAMILY = 4;
				WATCHOS_DEPLOYMENT_TARGET = 8.5;
			};
			name = Debug;
		};
		D92741E02ADC0134000173BD /* Release */ = {
			isa = XCBuildConfiguration;
			buildSettings = {
				ASSETCATALOG_COMPILER_COMPLICATION_NAME = Complication;
				CODE_SIGN_STYLE = Automatic;
				CURRENT_PROJECT_VERSION = 1;
				DEVELOPMENT_ASSET_PATHS = "\"Watch_out WatchKit Extension/Preview Content\"";
				DEVELOPMENT_TEAM = 4PN88S2B7V;
				ENABLE_PREVIEWS = YES;
				GENERATE_INFOPLIST_FILE = YES;
				INFOPLIST_FILE = "Watch_out WatchKit Extension/Info.plist";
				INFOPLIST_KEY_CFBundleDisplayName = "Watch_out WatchKit Extension";
				INFOPLIST_KEY_CLKComplicationPrincipalClass = "$(PRODUCT_MODULE_NAME).ComplicationController";
				INFOPLIST_KEY_NSHumanReadableCopyright = "";
				INFOPLIST_KEY_WKWatchOnly = YES;
				LD_RUNPATH_SEARCH_PATHS = (
					"$(inherited)",
					"@executable_path/Frameworks",
					"@executable_path/../../Frameworks",
				);
				MARKETING_VERSION = 1.0;
				PRODUCT_BUNDLE_IDENTIFIER = "com.example.spal.Watch-out.watchkitapp.watchkitextension";
				PRODUCT_NAME = "${TARGET_NAME}";
				SDKROOT = watchos;
				SKIP_INSTALL = YES;
				SWIFT_EMIT_LOC_STRINGS = YES;
				SWIFT_VERSION = 5.0;
				TARGETED_DEVICE_FAMILY = 4;
				WATCHOS_DEPLOYMENT_TARGET = 8.5;
			};
			name = Release;
		};
		D92741E32ADC0134000173BD /* Debug */ = {
			isa = XCBuildConfiguration;
			buildSettings = {
				ALWAYS_EMBED_SWIFT_STANDARD_LIBRARIES = YES;
				ASSETCATALOG_COMPILER_APPICON_NAME = AppIcon;
				ASSETCATALOG_COMPILER_GLOBAL_ACCENT_COLOR_NAME = AccentColor;
				CODE_SIGN_STYLE = Automatic;
				CURRENT_PROJECT_VERSION = 1;
				DEVELOPMENT_TEAM = 4PN88S2B7V;
				GENERATE_INFOPLIST_FILE = YES;
				IBSC_MODULE = Watch_out_WatchKit_Extension;
				INFOPLIST_KEY_CFBundleDisplayName = "Watch_out WatchKit App";
				INFOPLIST_KEY_UISupportedInterfaceOrientations = "UIInterfaceOrientationPortrait UIInterfaceOrientationPortraitUpsideDown";
				MARKETING_VERSION = 1.0;
				PRODUCT_BUNDLE_IDENTIFIER = "com.example.spal.Watch-out.watchkitapp";
				PRODUCT_NAME = "$(TARGET_NAME)";
				SDKROOT = watchos;
				SKIP_INSTALL = YES;
				SWIFT_EMIT_LOC_STRINGS = YES;
				SWIFT_VERSION = 5.0;
				TARGETED_DEVICE_FAMILY = 4;
				WATCHOS_DEPLOYMENT_TARGET = 8.5;
			};
			name = Debug;
		};
		D92741E42ADC0134000173BD /* Release */ = {
			isa = XCBuildConfiguration;
			buildSettings = {
				ALWAYS_EMBED_SWIFT_STANDARD_LIBRARIES = YES;
				ASSETCATALOG_COMPILER_APPICON_NAME = AppIcon;
				ASSETCATALOG_COMPILER_GLOBAL_ACCENT_COLOR_NAME = AccentColor;
				CODE_SIGN_STYLE = Automatic;
				CURRENT_PROJECT_VERSION = 1;
				DEVELOPMENT_TEAM = 4PN88S2B7V;
				GENERATE_INFOPLIST_FILE = YES;
				IBSC_MODULE = Watch_out_WatchKit_Extension;
				INFOPLIST_KEY_CFBundleDisplayName = "Watch_out WatchKit App";
				INFOPLIST_KEY_UISupportedInterfaceOrientations = "UIInterfaceOrientationPortrait UIInterfaceOrientationPortraitUpsideDown";
				MARKETING_VERSION = 1.0;
				PRODUCT_BUNDLE_IDENTIFIER = "com.example.spal.Watch-out.watchkitapp";
				PRODUCT_NAME = "$(TARGET_NAME)";
				SDKROOT = watchos;
				SKIP_INSTALL = YES;
				SWIFT_EMIT_LOC_STRINGS = YES;
				SWIFT_VERSION = 5.0;
				TARGETED_DEVICE_FAMILY = 4;
				WATCHOS_DEPLOYMENT_TARGET = 8.5;
			};
			name = Release;
		};
		D92741E72ADC0134000173BD /* Debug */ = {
			isa = XCBuildConfiguration;
			buildSettings = {
				CODE_SIGN_STYLE = Automatic;
				CURRENT_PROJECT_VERSION = 1;
				DEVELOPMENT_TEAM = 4PN88S2B7V;
				MARKETING_VERSION = 1.0;
				PRODUCT_BUNDLE_IDENTIFIER = "com.example.spal.Watch-out";
				PRODUCT_NAME = "$(TARGET_NAME)";
				SWIFT_VERSION = 5.0;
			};
			name = Debug;
		};
		D92741E82ADC0134000173BD /* Release */ = {
			isa = XCBuildConfiguration;
			buildSettings = {
				CODE_SIGN_STYLE = Automatic;
				CURRENT_PROJECT_VERSION = 1;
				DEVELOPMENT_TEAM = 4PN88S2B7V;
				MARKETING_VERSION = 1.0;
				PRODUCT_BUNDLE_IDENTIFIER = "com.example.spal.Watch-out";
				PRODUCT_NAME = "$(TARGET_NAME)";
				SWIFT_VERSION = 5.0;
			};
			name = Release;
		};
/* End XCBuildConfiguration section */

/* Begin XCConfigurationList section */
		D92741B42ADC012B000173BD /* Build configuration list for PBXProject "Watch_out" */ = {
			isa = XCConfigurationList;
			buildConfigurations = (
				D92741DC2ADC0134000173BD /* Debug */,
				D92741DD2ADC0134000173BD /* Release */,
			);
			defaultConfigurationIsVisible = 0;
			defaultConfigurationName = Release;
		};
		D92741DE2ADC0134000173BD /* Build configuration list for PBXNativeTarget "Watch_out WatchKit Extension" */ = {
			isa = XCConfigurationList;
			buildConfigurations = (
				D92741DF2ADC0134000173BD /* Debug */,
				D92741E02ADC0134000173BD /* Release */,
			);
			defaultConfigurationIsVisible = 0;
			defaultConfigurationName = Release;
		};
		D92741E22ADC0134000173BD /* Build configuration list for PBXNativeTarget "Watch_out WatchKit App" */ = {
			isa = XCConfigurationList;
			buildConfigurations = (
				D92741E32ADC0134000173BD /* Debug */,
				D92741E42ADC0134000173BD /* Release */,
			);
			defaultConfigurationIsVisible = 0;
			defaultConfigurationName = Release;
		};
		D92741E62ADC0134000173BD /* Build configuration list for PBXNativeTarget "Watch_out" */ = {
			isa = XCConfigurationList;
			buildConfigurations = (
				D92741E72ADC0134000173BD /* Debug */,
				D92741E82ADC0134000173BD /* Release */,
			);
			defaultConfigurationIsVisible = 0;
			defaultConfigurationName = Release;
		};
/* End XCConfigurationList section */
	};
	rootObject = D92741B12ADC012B000173BD /* Project object */;
}
